// !$*UTF8*$!
{
	archiveVersion = 1;
	classes = {
	};
	objectVersion = 48;
	objects = {

/* Begin PBXBuildFile section */
		E75FA2821FA47192003E06E6 /* AppDelegate.swift in Sources */ = {isa = PBXBuildFile; fileRef = E75FA2811FA47192003E06E6 /* AppDelegate.swift */; };
		E75FA2841FA47192003E06E6 /* ViewController.swift in Sources */ = {isa = PBXBuildFile; fileRef = E75FA2831FA47192003E06E6 /* ViewController.swift */; };
		E75FA2871FA47192003E06E6 /* Main.storyboard in Resources */ = {isa = PBXBuildFile; fileRef = E75FA2851FA47192003E06E6 /* Main.storyboard */; };
		E75FA2891FA47192003E06E6 /* Assets.xcassets in Resources */ = {isa = PBXBuildFile; fileRef = E75FA2881FA47192003E06E6 /* Assets.xcassets */; };
		E75FA28C1FA47192003E06E6 /* LaunchScreen.storyboard in Resources */ = {isa = PBXBuildFile; fileRef = E75FA28A1FA47192003E06E6 /* LaunchScreen.storyboard */; };
		E75FA2951FA4722B003E06E6 /* AVFoundation.framework in Frameworks */ = {isa = PBXBuildFile; fileRef = E75FA2941FA471B6003E06E6 /* AVFoundation.framework */; };
		E75FA2971FA47245003E06E6 /* alarm.mp3 in Resources */ = {isa = PBXBuildFile; fileRef = E75FA2961FA47245003E06E6 /* alarm.mp3 */; };
		E777CF271FA4766100A3ACB4 /* music.mp3 in Resources */ = {isa = PBXBuildFile; fileRef = E777CF261FA4766100A3ACB4 /* music.mp3 */; };
/* End PBXBuildFile section */

/* Begin PBXFileReference section */
		E75FA27E1FA47192003E06E6 /* ch06-7.app */ = {isa = PBXFileReference; explicitFileType = wrapper.application; includeInIndex = 0; path = "ch06-7.app"; sourceTree = BUILT_PRODUCTS_DIR; };
		E75FA2811FA47192003E06E6 /* AppDelegate.swift */ = {isa = PBXFileReference; lastKnownFileType = sourcecode.swift; path = AppDelegate.swift; sourceTree = "<group>"; };
		E75FA2831FA47192003E06E6 /* ViewController.swift */ = {isa = PBXFileReference; lastKnownFileType = sourcecode.swift; path = ViewController.swift; sourceTree = "<group>"; };
		E75FA2861FA47192003E06E6 /* Base */ = {isa = PBXFileReference; lastKnownFileType = file.storyboard; name = Base; path = Base.lproj/Main.storyboard; sourceTree = "<group>"; };
		E75FA2881FA47192003E06E6 /* Assets.xcassets */ = {isa = PBXFileReference; lastKnownFileType = folder.assetcatalog; path = Assets.xcassets; sourceTree = "<group>"; };
		E75FA28B1FA47192003E06E6 /* Base */ = {isa = PBXFileReference; lastKnownFileType = file.storyboard; name = Base; path = Base.lproj/LaunchScreen.storyboard; sourceTree = "<group>"; };
		E75FA28D1FA47192003E06E6 /* Info.plist */ = {isa = PBXFileReference; lastKnownFileType = text.plist.xml; path = Info.plist; sourceTree = "<group>"; };
		E75FA2941FA471B6003E06E6 /* AVFoundation.framework */ = {isa = PBXFileReference; lastKnownFileType = wrapper.framework; name = AVFoundation.framework; path = System/Library/Frameworks/AVFoundation.framework; sourceTree = SDKROOT; };
		E75FA2961FA47245003E06E6 /* alarm.mp3 */ = {isa = PBXFileReference; lastKnownFileType = audio.mp3; name = alarm.mp3; path = ../../../alarm.mp3; sourceTree = "<group>"; };
		E777CF261FA4766100A3ACB4 /* music.mp3 */ = {isa = PBXFileReference; lastKnownFileType = audio.mp3; path = music.mp3; sourceTree = "<group>"; };
/* End PBXFileReference section */

/* Begin PBXFrameworksBuildPhase section */
		E75FA27B1FA47192003E06E6 /* Frameworks */ = {
			isa = PBXFrameworksBuildPhase;
			buildActionMask = 2147483647;
			files = (
				E75FA2951FA4722B003E06E6 /* AVFoundation.framework in Frameworks */,
			);
			runOnlyForDeploymentPostprocessing = 0;
		};
/* End PBXFrameworksBuildPhase section */

/* Begin PBXGroup section */
		E75FA2751FA47191003E06E6 = {
			isa = PBXGroup;
			children = (
				E75FA2801FA47192003E06E6 /* ch06-7 */,
				E75FA27F1FA47192003E06E6 /* Products */,
				E75FA2931FA471B6003E06E6 /* Frameworks */,
			);
			sourceTree = "<group>";
		};
		E75FA27F1FA47192003E06E6 /* Products */ = {
			isa = PBXGroup;
			children = (
				E75FA27E1FA47192003E06E6 /* ch06-7.app */,
			);
			name = Products;
			sourceTree = "<group>";
		};
		E75FA2801FA47192003E06E6 /* ch06-7 */ = {
			isa = PBXGroup;
			children = (
				E777CF261FA4766100A3ACB4 /* music.mp3 */,
				E75FA2961FA47245003E06E6 /* alarm.mp3 */,
				E75FA2811FA47192003E06E6 /* AppDelegate.swift */,
				E75FA2831FA47192003E06E6 /* ViewController.swift */,
				E75FA2851FA47192003E06E6 /* Main.storyboard */,
				E75FA2881FA47192003E06E6 /* Assets.xcassets */,
				E75FA28A1FA47192003E06E6 /* LaunchScreen.storyboard */,
				E75FA28D1FA47192003E06E6 /* Info.plist */,
			);
			path = "ch06-7";
			sourceTree = "<group>";
		};
		E75FA2931FA471B6003E06E6 /* Frameworks */ = {
			isa = PBXGroup;
			children = (
				E75FA2941FA471B6003E06E6 /* AVFoundation.framework */,
			);
			name = Frameworks;
			sourceTree = "<group>";
		};
/* End PBXGroup section */

/* Begin PBXNativeTarget section */
		E75FA27D1FA47192003E06E6 /* ch06-7 */ = {
			isa = PBXNativeTarget;
			buildConfigurationList = E75FA2901FA47192003E06E6 /* Build configuration list for PBXNativeTarget "ch06-7" */;
			buildPhases = (
				E75FA27A1FA47192003E06E6 /* Sources */,
				E75FA27B1FA47192003E06E6 /* Frameworks */,
				E75FA27C1FA47192003E06E6 /* Resources */,
			);
			buildRules = (
			);
			dependencies = (
			);
			name = "ch06-7";
			productName = "ch06-7";
			productReference = E75FA27E1FA47192003E06E6 /* ch06-7.app */;
			productType = "com.apple.product-type.application";
		};
/* End PBXNativeTarget section */

/* Begin PBXProject section */
		E75FA2761FA47192003E06E6 /* Project object */ = {
			isa = PBXProject;
			attributes = {
				LastSwiftUpdateCheck = 0900;
				LastUpgradeCheck = 0900;
				ORGANIZATIONNAME = "business-engineer";
				TargetAttributes = {
					E75FA27D1FA47192003E06E6 = {
						CreatedOnToolsVersion = 9.0.1;
						ProvisioningStyle = Automatic;
					};
				};
			};
			buildConfigurationList = E75FA2791FA47192003E06E6 /* Build configuration list for PBXProject "ch06-7" */;
			compatibilityVersion = "Xcode 8.0";
			developmentRegion = en;
			hasScannedForEncodings = 0;
			knownRegions = (
				en,
				Base,
			);
			mainGroup = E75FA2751FA47191003E06E6;
			productRefGroup = E75FA27F1FA47192003E06E6 /* Products */;
			projectDirPath = "";
			projectRoot = "";
			targets = (
				E75FA27D1FA47192003E06E6 /* ch06-7 */,
			);
		};
/* End PBXProject section */

/* Begin PBXResourcesBuildPhase section */
		E75FA27C1FA47192003E06E6 /* Resources */ = {
			isa = PBXResourcesBuildPhase;
			buildActionMask = 2147483647;
			files = (
				E777CF271FA4766100A3ACB4 /* music.mp3 in Resources */,
				E75FA2971FA47245003E06E6 /* alarm.mp3 in Resources */,
				E75FA28C1FA47192003E06E6 /* LaunchScreen.storyboard in Resources */,
				E75FA2891FA47192003E06E6 /* Assets.xcassets in Resources */,
				E75FA2871FA47192003E06E6 /* Main.storyboard in Resources */,
			);
			runOnlyForDeploymentPostprocessing = 0;
		};
/* End PBXResourcesBuildPhase section */

/* Begin PBXSourcesBuildPhase section */
		E75FA27A1FA47192003E06E6 /* Sources */ = {
			isa = PBXSourcesBuildPhase;
			buildActionMask = 2147483647;
			files = (
				E75FA2841FA47192003E06E6 /* ViewController.swift in Sources */,
				E75FA2821FA47192003E06E6 /* AppDelegate.swift in Sources */,
			);
			runOnlyForDeploymentPostprocessing = 0;
		};
/* End PBXSourcesBuildPhase section */

/* Begin PBXVariantGroup section */
		E75FA2851FA47192003E06E6 /* Main.storyboard */ = {
			isa = PBXVariantGroup;
			children = (
				E75FA2861FA47192003E06E6 /* Base */,
			);
			name = Main.storyboard;
			sourceTree = "<group>";
		};
		E75FA28A1FA47192003E06E6 /* LaunchScreen.storyboard */ = {
			isa = PBXVariantGroup;
			children = (
				E75FA28B1FA47192003E06E6 /* Base */,
			);
			name = LaunchScreen.storyboard;
			sourceTree = "<group>";
		};
/* End PBXVariantGroup section */

/* Begin XCBuildConfiguration section */
		E75FA28E1FA47192003E06E6 /* Debug */ = {
			isa = XCBuildConfiguration;
			buildSettings = {
				ALWAYS_SEARCH_USER_PATHS = NO;
				CLANG_ANALYZER_NONNULL = YES;
				CLANG_ANALYZER_NUMBER_OBJECT_CONVERSION = YES_AGGRESSIVE;
				CLANG_CXX_LANGUAGE_STANDARD = "gnu++14";
				CLANG_CXX_LIBRARY = "libc++";
				CLANG_ENABLE_MODULES = YES;
				CLANG_ENABLE_OBJC_ARC = YES;
				CLANG_WARN_BLOCK_CAPTURE_AUTORELEASING = YES;
				CLANG_WARN_BOOL_CONVERSION = YES;
				CLANG_WARN_COMMA = YES;
				CLANG_WARN_CONSTANT_CONVERSION = YES;
				CLANG_WARN_DIRECT_OBJC_ISA_USAGE = YES_ERROR;
				CLANG_WARN_DOCUMENTATION_COMMENTS = YES;
				CLANG_WARN_EMPTY_BODY = YES;
				CLANG_WARN_ENUM_CONVERSION = YES;
				CLANG_WARN_INFINITE_RECURSION = YES;
				CLANG_WARN_INT_CONVERSION = YES;
				CLANG_WARN_NON_LITERAL_NULL_CONVERSION = YES;
				CLANG_WARN_OBJC_LITERAL_CONVERSION = YES;
				CLANG_WARN_OBJC_ROOT_CLASS = YES_ERROR;
				CLANG_WARN_RANGE_LOOP_ANALYSIS = YES;
				CLANG_WARN_STRICT_PROTOTYPES = YES;
				CLANG_WARN_SUSPICIOUS_MOVE = YES;
				CLANG_WARN_UNGUARDED_AVAILABILITY = YES_AGGRESSIVE;
				CLANG_WARN_UNREACHABLE_CODE = YES;
				CLANG_WARN__DUPLICATE_METHOD_MATCH = YES;
				CODE_SIGN_IDENTITY = "iPhone Developer";
				COPY_PHASE_STRIP = NO;
				DEBUG_INFORMATION_FORMAT = dwarf;
				ENABLE_STRICT_OBJC_MSGSEND = YES;
				ENABLE_TESTABILITY = YES;
				GCC_C_LANGUAGE_STANDARD = gnu11;
				GCC_DYNAMIC_NO_PIC = NO;
				GCC_NO_COMMON_BLOCKS = YES;
				GCC_OPTIMIZATION_LEVEL = 0;
				GCC_PREPROCESSOR_DEFINITIONS = (
					"DEBUG=1",
					"$(inherited)",
				);
				GCC_WARN_64_TO_32_BIT_CONVERSION = YES;
				GCC_WARN_ABOUT_RETURN_TYPE = YES_ERROR;
				GCC_WARN_UNDECLARED_SELECTOR = YES;
				GCC_WARN_UNINITIALIZED_AUTOS = YES_AGGRESSIVE;
				GCC_WARN_UNUSED_FUNCTION = YES;
				GCC_WARN_UNUSED_VARIABLE = YES;
				IPHONEOS_DEPLOYMENT_TARGET = 11.0;
				MTL_ENABLE_DEBUG_INFO = YES;
				ONLY_ACTIVE_ARCH = YES;
				SDKROOT = iphoneos;
				SWIFT_ACTIVE_COMPILATION_CONDITIONS = DEBUG;
				SWIFT_OPTIMIZATION_LEVEL = "-Onone";
			};
			name = Debug;
		};
		E75FA28F1FA47192003E06E6 /* Release */ = {
			isa = XCBuildConfiguration;
			buildSettings = {
				ALWAYS_SEARCH_USER_PATHS = NO;
				CLANG_ANALYZER_NONNULL = YES;
				CLANG_ANALYZER_NUMBER_OBJECT_CONVERSION = YES_AGGRESSIVE;
				CLANG_CXX_LANGUAGE_STANDARD = "gnu++14";
				CLANG_CXX_LIBRARY = "libc++";
				CLANG_ENABLE_MODULES = YES;
				CLANG_ENABLE_OBJC_ARC = YES;
				CLANG_WARN_BLOCK_CAPTURE_AUTORELEASING = YES;
				CLANG_WARN_BOOL_CONVERSION = YES;
				CLANG_WARN_COMMA = YES;
				CLANG_WARN_CONSTANT_CONVERSION = YES;
				CLANG_WARN_DIRECT_OBJC_ISA_USAGE = YES_ERROR;
				CLANG_WARN_DOCUMENTATION_COMMENTS = YES;
				CLANG_WARN_EMPTY_BODY = YES;
				CLANG_WARN_ENUM_CONVERSION = YES;
				CLANG_WARN_INFINITE_RECURSION = YES;
				CLANG_WARN_INT_CONVERSION = YES;
				CLANG_WARN_NON_LITERAL_NULL_CONVERSION = YES;
				CLANG_WARN_OBJC_LITERAL_CONVERSION = YES;
				CLANG_WARN_OBJC_ROOT_CLASS = YES_ERROR;
				CLANG_WARN_RANGE_LOOP_ANALYSIS = YES;
				CLANG_WARN_STRICT_PROTOTYPES = YES;
				CLANG_WARN_SUSPICIOUS_MOVE = YES;
				CLANG_WARN_UNGUARDED_AVAILABILITY = YES_AGGRESSIVE;
				CLANG_WARN_UNREACHABLE_CODE = YES;
				CLANG_WARN__DUPLICATE_METHOD_MATCH = YES;
				CODE_SIGN_IDENTITY = "iPhone Developer";
				COPY_PHASE_STRIP = NO;
				DEBUG_INFORMATION_FORMAT = "dwarf-with-dsym";
				ENABLE_NS_ASSERTIONS = NO;
				ENABLE_STRICT_OBJC_MSGSEND = YES;
				GCC_C_LANGUAGE_STANDARD = gnu11;
				GCC_NO_COMMON_BLOCKS = YES;
				GCC_WARN_64_TO_32_BIT_CONVERSION = YES;
				GCC_WARN_ABOUT_RETURN_TYPE = YES_ERROR;
				GCC_WARN_UNDECLARED_SELECTOR = YES;
				GCC_WARN_UNINITIALIZED_AUTOS = YES_AGGRESSIVE;
				GCC_WARN_UNUSED_FUNCTION = YES;
				GCC_WARN_UNUSED_VARIABLE = YES;
				IPHONEOS_DEPLOYMENT_TARGET = 11.0;
				MTL_ENABLE_DEBUG_INFO = NO;
				SDKROOT = iphoneos;
				SWIFT_OPTIMIZATION_LEVEL = "-Owholemodule";
				VALIDATE_PRODUCT = YES;
			};
			name = Release;
		};
		E75FA2911FA47192003E06E6 /* Debug */ = {
			isa = XCBuildConfiguration;
			buildSettings = {
				ASSETCATALOG_COMPILER_APPICON_NAME = AppIcon;
				CODE_SIGN_STYLE = Automatic;
				INFOPLIST_FILE = "ch06-7/Info.plist";
				LD_RUNPATH_SEARCH_PATHS = "$(inherited) @executable_path/Frameworks";
				PRODUCT_BUNDLE_IDENTIFIER = "com.be.ch06-7";
				PRODUCT_NAME = "$(TARGET_NAME)";
				SWIFT_VERSION = 4.0;
				TARGETED_DEVICE_FAMILY = "1,2";
			};
			name = Debug;
		};
		E75FA2921FA47192003E06E6 /* Release */ = {
			isa = XCBuildConfiguration;
			buildSettings = {
				ASSETCATALOG_COMPILER_APPICON_NAME = AppIcon;
				CODE_SIGN_STYLE = Automatic;
				INFOPLIST_FILE = "ch06-7/Info.plist";
				LD_RUNPATH_SEARCH_PATHS = "$(inherited) @executable_path/Frameworks";
				PRODUCT_BUNDLE_IDENTIFIER = "com.be.ch06-7";
				PRODUCT_NAME = "$(TARGET_NAME)";
				SWIFT_VERSION = 4.0;
				TARGETED_DEVICE_FAMILY = "1,2";
			};
			name = Release;
		};
/* End XCBuildConfiguration section */

/* Begin XCConfigurationList section */
		E75FA2791FA47192003E06E6 /* Build configuration list for PBXProject "ch06-7" */ = {
			isa = XCConfigurationList;
			buildConfigurations = (
				E75FA28E1FA47192003E06E6 /* Debug */,
				E75FA28F1FA47192003E06E6 /* Release */,
			);
			defaultConfigurationIsVisible = 0;
			defaultConfigurationName = Release;
		};
		E75FA2901FA47192003E06E6 /* Build configuration list for PBXNativeTarget "ch06-7" */ = {
			isa = XCConfigurationList;
			buildConfigurations = (
				E75FA2911FA47192003E06E6 /* Debug */,
				E75FA2921FA47192003E06E6 /* Release */,
			);
			defaultConfigurationIsVisible = 0;
			defaultConfigurationName = Release;
		};
/* End XCConfigurationList section */
	};
	rootObject = E75FA2761FA47192003E06E6 /* Project object */;
}
